# This file was autogenerated by Stack.
# You should not edit this file by hand.
# For more information, please see the documentation at:
#   https://docs.haskellstack.org/en/stable/lock_files

packages:
- completed:
    hackage: tinyfiledialogs-0.2.1.0@sha256:118f9fd7b721de68f1e84c8b820784e31140bf34e32f23fd6410fb57914a309c,1905
    pantry-tree:
      sha256: 518def606ee59dad71b77dec20a9dc55072bdd8fe2194a0ccfca2b2afee1767e
      size: 482
  original:
    hackage: tinyfiledialogs-0.2.1.0
- completed:
    hackage: test-invariant-0.4.5.0@sha256:d1aa6b61e0057a4065eeff3286208e947a0b44c6a2186210399f5e5e7fb0d0dd,1902
    pantry-tree:
      sha256: 4a43697da369287edfe604a1a9d38f07fd50a49816028f25054b07842567cfa2
      size: 326
  original:
    hackage: test-invariant-0.4.5.0
- completed:
    commit: 2f54e08a6cba37981feebf7a8f27dd2843354f5b
    git: https://github.com/pigsinablanket/haskell-dicom
    name: hs-dicom
    pantry-tree:
      sha256: 8be508f59bcaa576ba0791b8ecc640b9169f3d5edc3c3b298607cc92d29dfbda
      size: 483
    version: 0.1.0.0
  original:
    commit: 2f54e08a6cba37981feebf7a8f27dd2843354f5b
    git: https://github.com/pigsinablanket/haskell-dicom
snapshots:
- completed:
    sha256: 08bd13ce621b41a8f5e51456b38d5b46d7783ce114a50ab604d6bbab0d002146
    size: 720271
    url: https://raw.githubusercontent.com/commercialhaskell/stackage-snapshots/master/lts/22/43.yaml
  original: lts-22.43
