# This file was autogenerated by Stack.
# You should not edit this file by hand.
# For more information, please see the documentation at:
#   https://docs.haskellstack.org/en/stable/lock_files

packages:
- completed:
    hackage: tinyfiledialogs-0.2.1.0@sha256:118f9fd7b721de68f1e84c8b820784e31140bf34e32f23fd6410fb57914a309c,1905
    pantry-tree:
      sha256: 518def606ee59dad71b77dec20a9dc55072bdd8fe2194a0ccfca2b2afee1767e
      size: 482
  original:
    hackage: tinyfiledialogs-0.2.1.0
snapshots:
- completed:
    sha256: 08bd13ce621b41a8f5e51456b38d5b46d7783ce114a50ab604d6bbab0d002146
    size: 720271
    url: https://raw.githubusercontent.com/commercialhaskell/stackage-snapshots/master/lts/22/43.yaml
  original: lts-22.43
